
Microsoft Visual Studio Solution File, Format Version 12.00
# Visual Studio Version 16
VisualStudioVersion = 16.0.31321.278
MinimumVisualStudioVersion = 10.0.40219.1
Project("{FAE04EC0-301F-11D3-BF4B-00C04F79EFBC}") = "BitCharStreamSplitter", "BitCharStreamSplitter.csproj", "{5E153F26-9C67-4643-BFB3-0E94898AC26D}"
EndProject
Global
	GlobalSection(SolutionConfigurationPlatforms) = preSolution
		Debug|Any CPU = Debug|Any CPU
		Release|Any CPU = Release|Any CPU
	EndGlobalSection
	GlobalSection(ProjectConfigurationPlatforms) = postSolution
		{5E153F26-9C67-4643-BFB3-0E94898AC26D}.Debug|Any CPU.ActiveCfg = Debug|Any CPU
		{5E153F26-9C67-4643-BFB3-0E94898AC26D}.Debug|Any CPU.Build.0 = Debug|Any CPU
		{5E153F26-9C67-4643-BFB3-0E94898AC26D}.Release|Any CPU.ActiveCfg = Release|Any CPU
		{5E153F26-9C67-4643-BFB3-0E94898AC26D}.Release|Any CPU.Build.0 = Release|Any CPU
	EndGlobalSection
	GlobalSection(SolutionProperties) = preSolution
		HideSolutionNode = FALSE
	EndGlobalSection
	GlobalSection(ExtensibilityGlobals) = postSolution
		SolutionGuid = {57B46E9C-5EFC-4726-8996-2B4DC1CB92EA}
	EndGlobalSection
EndGlobal
